{
  "name": "@basic/server",
  "version": "0.1.1",
  "lockfileVersion": 2,
  "requires": true,
  "packages": {
    "": {
      "name": "@basic/server",
      "version": "0.1.0",
      "license": "ISC",
      "dependencies": {
        "@basic/core": "^0.1.0"
      },
      "devDependencies": {
        "@types/node": "^14.14.31"
      }
    },
    "../core": {
      "name": "@basic/core",
      "version": "0.1.0",
      "license": "ISC"
    },
    "node_modules/@basic/core": {
      "resolved": "../core",
      "link": true
    },
    "node_modules/@types/node": {
      "version": "14.14.31",
      "resolved": "https://registry.npmjs.org/@types/node/-/node-14.14.31.tgz",
      "integrity": "sha512-vFHy/ezP5qI0rFgJ7aQnjDXwAMrG0KqqIH7tQG5PPv3BWBayOPIQNBjVc/P6hhdZfMx51REc6tfDNXHUio893g==",
      "dev": true
    }
  },
  "dependencies": {
    "@basic/core": {
      "version": "file:../core"
    },
    "@types/node": {
      "version": "14.14.31",
      "resolved": "https://registry.npmjs.org/@types/node/-/node-14.14.31.tgz",
      "integrity": "sha512-vFHy/ezP5qI0rFgJ7aQnjDXwAMrG0KqqIH7tQG5PPv3BWBayOPIQNBjVc/P6hhdZfMx51REc6tfDNXHUio893g==",
      "dev": true
    }
  }
}
